
Microsoft Visual Studio Solution File, Format Version 12.00
# Visual Studio 2013
VisualStudioVersion = 12.0.30723.0
MinimumVisualStudioVersion = 10.0.40219.1
Project("{E24C65DC-7377-472B-9ABA-BC803B73C61A}") = "marcodallapiazza.github.io", "http://localhost/marcodallapiazza.github.io", "{90115603-B8FE-4E38-94AE-57F179A64FE9}"
	ProjectSection(WebsiteProperties) = preProject
		UseIISExpress = "false"
		TargetFrameworkMoniker = ".NETFramework,Version%3Dv4.0"
		Debug.AspNetCompiler.VirtualPath = "/marcodallapiazza.github.io"
		Debug.AspNetCompiler.PhysicalPath = "..\marcodallapiazza.github.io\"
		Debug.AspNetCompiler.TargetPath = "PrecompiledWeb\marcodallapiazza.github.io\"
		Debug.AspNetCompiler.Updateable = "true"
		Debug.AspNetCompiler.ForceOverwrite = "true"
		Debug.AspNetCompiler.FixedNames = "false"
		Debug.AspNetCompiler.Debug = "True"
		Release.AspNetCompiler.VirtualPath = "/marcodallapiazza.github.io"
		Release.AspNetCompiler.PhysicalPath = "..\marcodallapiazza.github.io\"
		Release.AspNetCompiler.TargetPath = "PrecompiledWeb\marcodallapiazza.github.io\"
		Release.AspNetCompiler.Updateable = "true"
		Release.AspNetCompiler.ForceOverwrite = "true"
		Release.AspNetCompiler.FixedNames = "false"
		Release.AspNetCompiler.Debug = "False"
		SlnRelativePath = "..\marcodallapiazza.github.io\"
	EndProjectSection
EndProject
Global
	GlobalSection(SolutionConfigurationPlatforms) = preSolution
		Debug|Any CPU = Debug|Any CPU
	EndGlobalSection
	GlobalSection(ProjectConfigurationPlatforms) = postSolution
		{90115603-B8FE-4E38-94AE-57F179A64FE9}.Debug|Any CPU.ActiveCfg = Debug|Any CPU
		{90115603-B8FE-4E38-94AE-57F179A64FE9}.Debug|Any CPU.Build.0 = Debug|Any CPU
	EndGlobalSection
	GlobalSection(SolutionProperties) = preSolution
		HideSolutionNode = FALSE
	EndGlobalSection
EndGlobal
